Microsoft Visual Studio Solution File, Format Version 12.00
# Visual Studio Version 17
VisualStudioVersion = 17.5.2.0
MinimumVisualStudioVersion = 10.0.40219.1
Project("{2150E333-8FDC-42A3-9474-1A3956D46DE8}") = "03_sesion", "03_sesion", "{02FF85E3-CB05-2BEA-9B13-9E1ED2A5A93A}"
EndProject
Project("{FAE04EC0-301F-11D3-BF4B-00C04F79EFBC}") = "DemoApp", "03_sesion\DemoApp\DemoApp.csproj", "{31AD337B-53A2-B734-5BFD-A6782426DCFD}"
EndProject
Global
	GlobalSection(SolutionConfigurationPlatforms) = preSolution
		Debug|Any CPU = Debug|Any CPU
		Release|Any CPU = Release|Any CPU
	EndGlobalSection
	GlobalSection(ProjectConfigurationPlatforms) = postSolution
		{31AD337B-53A2-B734-5BFD-A6782426DCFD}.Debug|Any CPU.ActiveCfg = Debug|Any CPU
		{31AD337B-53A2-B734-5BFD-A6782426DCFD}.Debug|Any CPU.Build.0 = Debug|Any CPU
		{31AD337B-53A2-B734-5BFD-A6782426DCFD}.Release|Any CPU.ActiveCfg = Release|Any CPU
		{31AD337B-53A2-B734-5BFD-A6782426DCFD}.Release|Any CPU.Build.0 = Release|Any CPU
	EndGlobalSection
	GlobalSection(SolutionProperties) = preSolution
		HideSolutionNode = FALSE
	EndGlobalSection
	GlobalSection(NestedProjects) = preSolution
		{31AD337B-53A2-B734-5BFD-A6782426DCFD} = {02FF85E3-CB05-2BEA-9B13-9E1ED2A5A93A}
	EndGlobalSection
	GlobalSection(ExtensibilityGlobals) = postSolution
		SolutionGuid = {B3C08882-9B9C-41DC-91B9-1D29551305C8}
	EndGlobalSection
EndGlobal
